
Microsoft Visual Studio Solution File, Format Version 12.00
# Visual Studio 15
VisualStudioVersion = 15.0.28307.168
MinimumVisualStudioVersion = 10.0.40219.1
Project("{FAE04EC0-301F-11D3-BF4B-00C04F79EFBC}") = "MyWebServices", "MyWebServices\MyWebServices.csproj", "{BD12DCCE-8A99-42AE-8D1D-D7B522283239}"
EndProject
Global
	GlobalSection(SolutionConfigurationPlatforms) = preSolution
		Debug|Any CPU = Debug|Any CPU
		Release|Any CPU = Release|Any CPU
	EndGlobalSection
	GlobalSection(ProjectConfigurationPlatforms) = postSolution
		{BD12DCCE-8A99-42AE-8D1D-D7B522283239}.Debug|Any CPU.ActiveCfg = Debug|Any CPU
		{BD12DCCE-8A99-42AE-8D1D-D7B522283239}.Debug|Any CPU.Build.0 = Debug|Any CPU
		{BD12DCCE-8A99-42AE-8D1D-D7B522283239}.Release|Any CPU.ActiveCfg = Release|Any CPU
		{BD12DCCE-8A99-42AE-8D1D-D7B522283239}.Release|Any CPU.Build.0 = Release|Any CPU
	EndGlobalSection
	GlobalSection(SolutionProperties) = preSolution
		HideSolutionNode = FALSE
	EndGlobalSection
	GlobalSection(ExtensibilityGlobals) = postSolution
		SolutionGuid = {EC36DBD4-40C3-45BC-96C9-CD4E94FBEF01}
	EndGlobalSection
EndGlobal
